// !$*UTF8*$!
{
	archiveVersion = 1;
	classes = {
	};
	objectVersion = 50;
	objects = {

/* Begin PBXBuildFile section */
		45E1820423D672E4002C7CD9 /* AppDelegate.swift in Sources */ = {isa = PBXBuildFile; fileRef = 45E1820323D672E4002C7CD9 /* AppDelegate.swift */; };
		45E1820623D672E4002C7CD9 /* SceneDelegate.swift in Sources */ = {isa = PBXBuildFile; fileRef = 45E1820523D672E4002C7CD9 /* SceneDelegate.swift */; };
		45E1820823D672E4002C7CD9 /* ViewController.swift in Sources */ = {isa = PBXBuildFile; fileRef = 45E1820723D672E4002C7CD9 /* ViewController.swift */; };
		45E1820B23D672E4002C7CD9 /* Main.storyboard in Resources */ = {isa = PBXBuildFile; fileRef = 45E1820923D672E4002C7CD9 /* Main.storyboard */; };
		45E1820E23D672E5002C7CD9 /* MapExercise.xcdatamodeld in Sources */ = {isa = PBXBuildFile; fileRef = 45E1820C23D672E5002C7CD9 /* MapExercise.xcdatamodeld */; };
		45E1821023D672E9002C7CD9 /* Assets.xcassets in Resources */ = {isa = PBXBuildFile; fileRef = 45E1820F23D672E9002C7CD9 /* Assets.xcassets */; };
		45E1821323D672E9002C7CD9 /* LaunchScreen.storyboard in Resources */ = {isa = PBXBuildFile; fileRef = 45E1821123D672E9002C7CD9 /* LaunchScreen.storyboard */; };
/* End PBXBuildFile section */

/* Begin PBXFileReference section */
		45E1820023D672E4002C7CD9 /* MapExercise.app */ = {isa = PBXFileReference; explicitFileType = wrapper.application; includeInIndex = 0; path = MapExercise.app; sourceTree = BUILT_PRODUCTS_DIR; };
		45E1820323D672E4002C7CD9 /* AppDelegate.swift */ = {isa = PBXFileReference; lastKnownFileType = sourcecode.swift; path = AppDelegate.swift; sourceTree = "<group>"; };
		45E1820523D672E4002C7CD9 /* SceneDelegate.swift */ = {isa = PBXFileReference; lastKnownFileType = sourcecode.swift; path = SceneDelegate.swift; sourceTree = "<group>"; };
		45E1820723D672E4002C7CD9 /* ViewController.swift */ = {isa = PBXFileReference; lastKnownFileType = sourcecode.swift; path = ViewController.swift; sourceTree = "<group>"; };
		45E1820A23D672E4002C7CD9 /* Base */ = {isa = PBXFileReference; lastKnownFileType = file.storyboard; name = Base; path = Base.lproj/Main.storyboard; sourceTree = "<group>"; };
		45E1820D23D672E5002C7CD9 /* MapExercise.xcdatamodel */ = {isa = PBXFileReference; lastKnownFileType = wrapper.xcdatamodel; path = MapExercise.xcdatamodel; sourceTree = "<group>"; };
		45E1820F23D672E9002C7CD9 /* Assets.xcassets */ = {isa = PBXFileReference; lastKnownFileType = folder.assetcatalog; path = Assets.xcassets; sourceTree = "<group>"; };
		45E1821223D672E9002C7CD9 /* Base */ = {isa = PBXFileReference; lastKnownFileType = file.storyboard; name = Base; path = Base.lproj/LaunchScreen.storyboard; sourceTree = "<group>"; };
		45E1821423D672E9002C7CD9 /* Info.plist */ = {isa = PBXFileReference; lastKnownFileType = text.plist.xml; path = Info.plist; sourceTree = "<group>"; };
/* End PBXFileReference section */

/* Begin PBXFrameworksBuildPhase section */
		45E181FD23D672E4002C7CD9 /* Frameworks */ = {
			isa = PBXFrameworksBuildPhase;
			buildActionMask = 2147483647;
			files = (
			);
			runOnlyForDeploymentPostprocessing = 0;
		};
/* End PBXFrameworksBuildPhase section */

/* Begin PBXGroup section */
		45E181F723D672E4002C7CD9 = {
			isa = PBXGroup;
			children = (
				45E1820223D672E4002C7CD9 /* MapExercise */,
				45E1820123D672E4002C7CD9 /* Products */,
			);
			sourceTree = "<group>";
		};
		45E1820123D672E4002C7CD9 /* Products */ = {
			isa = PBXGroup;
			children = (
				45E1820023D672E4002C7CD9 /* MapExercise.app */,
			);
			name = Products;
			sourceTree = "<group>";
		};
		45E1820223D672E4002C7CD9 /* MapExercise */ = {
			isa = PBXGroup;
			children = (
				45E1820323D672E4002C7CD9 /* AppDelegate.swift */,
				45E1820523D672E4002C7CD9 /* SceneDelegate.swift */,
				45E1820723D672E4002C7CD9 /* ViewController.swift */,
				45E1820923D672E4002C7CD9 /* Main.storyboard */,
				45E1820F23D672E9002C7CD9 /* Assets.xcassets */,
				45E1821123D672E9002C7CD9 /* LaunchScreen.storyboard */,
				45E1821423D672E9002C7CD9 /* Info.plist */,
				45E1820C23D672E5002C7CD9 /* MapExercise.xcdatamodeld */,
			);
			path = MapExercise;
			sourceTree = "<group>";
		};
/* End PBXGroup section */

/* Begin PBXNativeTarget section */
		45E181FF23D672E4002C7CD9 /* MapExercise */ = {
			isa = PBXNativeTarget;
			buildConfigurationList = 45E1821723D672E9002C7CD9 /* Build configuration list for PBXNativeTarget "MapExercise" */;
			buildPhases = (
				45E181FC23D672E4002C7CD9 /* Sources */,
				45E181FD23D672E4002C7CD9 /* Frameworks */,
				45E181FE23D672E4002C7CD9 /* Resources */,
			);
			buildRules = (
			);
			dependencies = (
			);
			name = MapExercise;
			productName = MapExercise;
			productReference = 45E1820023D672E4002C7CD9 /* MapExercise.app */;
			productType = "com.apple.product-type.application";
		};
/* End PBXNativeTarget section */

/* Begin PBXProject section */
		45E181F823D672E4002C7CD9 /* Project object */ = {
			isa = PBXProject;
			attributes = {
				LastSwiftUpdateCheck = 1130;
				LastUpgradeCheck = 1130;
				ORGANIZATIONNAME = "vibin joby";
				TargetAttributes = {
					45E181FF23D672E4002C7CD9 = {
						CreatedOnToolsVersion = 11.3;
					};
				};
			};
			buildConfigurationList = 45E181FB23D672E4002C7CD9 /* Build configuration list for PBXProject "MapExercise" */;
			compatibilityVersion = "Xcode 9.3";
			developmentRegion = en;
			hasScannedForEncodings = 0;
			knownRegions = (
				en,
				Base,
			);
			mainGroup = 45E181F723D672E4002C7CD9;
			productRefGroup = 45E1820123D672E4002C7CD9 /* Products */;
			projectDirPath = "";
			projectRoot = "";
			targets = (
				45E181FF23D672E4002C7CD9 /* MapExercise */,
			);
		};
/* End PBXProject section */

/* Begin PBXResourcesBuildPhase section */
		45E181FE23D672E4002C7CD9 /* Resources */ = {
			isa = PBXResourcesBuildPhase;
			buildActionMask = 2147483647;
			files = (
				45E1821323D672E9002C7CD9 /* LaunchScreen.storyboard in Resources */,
				45E1821023D672E9002C7CD9 /* Assets.xcassets in Resources */,
				45E1820B23D672E4002C7CD9 /* Main.storyboard in Resources */,
			);
			runOnlyForDeploymentPostprocessing = 0;
		};
/* End PBXResourcesBuildPhase section */

/* Begin PBXSourcesBuildPhase section */
		45E181FC23D672E4002C7CD9 /* Sources */ = {
			isa = PBXSourcesBuildPhase;
			buildActionMask = 2147483647;
			files = (
				45E1820823D672E4002C7CD9 /* ViewController.swift in Sources */,
				45E1820423D672E4002C7CD9 /* AppDelegate.swift in Sources */,
				45E1820E23D672E5002C7CD9 /* MapExercise.xcdatamodeld in Sources */,
				45E1820623D672E4002C7CD9 /* SceneDelegate.swift in Sources */,
			);
			runOnlyForDeploymentPostprocessing = 0;
		};
/* End PBXSourcesBuildPhase section */

/* Begin PBXVariantGroup section */
		45E1820923D672E4002C7CD9 /* Main.storyboard */ = {
			isa = PBXVariantGroup;
			children = (
				45E1820A23D672E4002C7CD9 /* Base */,
			);
			name = Main.storyboard;
			sourceTree = "<group>";
		};
		45E1821123D672E9002C7CD9 /* LaunchScreen.storyboard */ = {
			isa = PBXVariantGroup;
			children = (
				45E1821223D672E9002C7CD9 /* Base */,
			);
			name = LaunchScreen.storyboard;
			sourceTree = "<group>";
		};
/* End PBXVariantGroup section */

/* Begin XCBuildConfiguration section */
		45E1821523D672E9002C7CD9 /* Debug */ = {
			isa = XCBuildConfiguration;
			buildSettings = {
				ALWAYS_SEARCH_USER_PATHS = NO;
				CLANG_ANALYZER_NONNULL = YES;
				CLANG_ANALYZER_NUMBER_OBJECT_CONVERSION = YES_AGGRESSIVE;
				CLANG_CXX_LANGUAGE_STANDARD = "gnu++14";
				CLANG_CXX_LIBRARY = "libc++";
				CLANG_ENABLE_MODULES = YES;
				CLANG_ENABLE_OBJC_ARC = YES;
				CLANG_ENABLE_OBJC_WEAK = YES;
				CLANG_WARN_BLOCK_CAPTURE_AUTORELEASING = YES;
				CLANG_WARN_BOOL_CONVERSION = YES;
				CLANG_WARN_COMMA = YES;
				CLANG_WARN_CONSTANT_CONVERSION = YES;
				CLANG_WARN_DEPRECATED_OBJC_IMPLEMENTATIONS = YES;
				CLANG_WARN_DIRECT_OBJC_ISA_USAGE = YES_ERROR;
				CLANG_WARN_DOCUMENTATION_COMMENTS = YES;
				CLANG_WARN_EMPTY_BODY = YES;
				CLANG_WARN_ENUM_CONVERSION = YES;
				CLANG_WARN_INFINITE_RECURSION = YES;
				CLANG_WARN_INT_CONVERSION = YES;
				CLANG_WARN_NON_LITERAL_NULL_CONVERSION = YES;
				CLANG_WARN_OBJC_IMPLICIT_RETAIN_SELF = YES;
				CLANG_WARN_OBJC_LITERAL_CONVERSION = YES;
				CLANG_WARN_OBJC_ROOT_CLASS = YES_ERROR;
				CLANG_WARN_RANGE_LOOP_ANALYSIS = YES;
				CLANG_WARN_STRICT_PROTOTYPES = YES;
				CLANG_WARN_SUSPICIOUS_MOVE = YES;
				CLANG_WARN_UNGUARDED_AVAILABILITY = YES_AGGRESSIVE;
				CLANG_WARN_UNREACHABLE_CODE = YES;
				CLANG_WARN__DUPLICATE_METHOD_MATCH = YES;
				COPY_PHASE_STRIP = NO;
				DEBUG_INFORMATION_FORMAT = dwarf;
				ENABLE_STRICT_OBJC_MSGSEND = YES;
				ENABLE_TESTABILITY = YES;
				GCC_C_LANGUAGE_STANDARD = gnu11;
				GCC_DYNAMIC_NO_PIC = NO;
				GCC_NO_COMMON_BLOCKS = YES;
				GCC_OPTIMIZATION_LEVEL = 0;
				GCC_PREPROCESSOR_DEFINITIONS = (
					"DEBUG=1",
					"$(inherited)",
				);
				GCC_WARN_64_TO_32_BIT_CONVERSION = YES;
				GCC_WARN_ABOUT_RETURN_TYPE = YES_ERROR;
				GCC_WARN_UNDECLARED_SELECTOR = YES;
				GCC_WARN_UNINITIALIZED_AUTOS = YES_AGGRESSIVE;
				GCC_WARN_UNUSED_FUNCTION = YES;
				GCC_WARN_UNUSED_VARIABLE = YES;
				IPHONEOS_DEPLOYMENT_TARGET = 13.2;
				MTL_ENABLE_DEBUG_INFO = INCLUDE_SOURCE;
				MTL_FAST_MATH = YES;
				ONLY_ACTIVE_ARCH = YES;
				SDKROOT = iphoneos;
				SWIFT_ACTIVE_COMPILATION_CONDITIONS = DEBUG;
				SWIFT_OPTIMIZATION_LEVEL = "-Onone";
			};
			name = Debug;
		};
		45E1821623D672E9002C7CD9 /* Release */ = {
			isa = XCBuildConfiguration;
			buildSettings = {
				ALWAYS_SEARCH_USER_PATHS = NO;
				CLANG_ANALYZER_NONNULL = YES;
				CLANG_ANALYZER_NUMBER_OBJECT_CONVERSION = YES_AGGRESSIVE;
				CLANG_CXX_LANGUAGE_STANDARD = "gnu++14";
				CLANG_CXX_LIBRARY = "libc++";
				CLANG_ENABLE_MODULES = YES;
				CLANG_ENABLE_OBJC_ARC = YES;
				CLANG_ENABLE_OBJC_WEAK = YES;
				CLANG_WARN_BLOCK_CAPTURE_AUTORELEASING = YES;
				CLANG_WARN_BOOL_CONVERSION = YES;
				CLANG_WARN_COMMA = YES;
				CLANG_WARN_CONSTANT_CONVERSION = YES;
				CLANG_WARN_DEPRECATED_OBJC_IMPLEMENTATIONS = YES;
				CLANG_WARN_DIRECT_OBJC_ISA_USAGE = YES_ERROR;
				CLANG_WARN_DOCUMENTATION_COMMENTS = YES;
				CLANG_WARN_EMPTY_BODY = YES;
				CLANG_WARN_ENUM_CONVERSION = YES;
				CLANG_WARN_INFINITE_RECURSION = YES;
				CLANG_WARN_INT_CONVERSION = YES;
				CLANG_WARN_NON_LITERAL_NULL_CONVERSION = YES;
				CLANG_WARN_OBJC_IMPLICIT_RETAIN_SELF = YES;
				CLANG_WARN_OBJC_LITERAL_CONVERSION = YES;
				CLANG_WARN_OBJC_ROOT_CLASS = YES_ERROR;
				CLANG_WARN_RANGE_LOOP_ANALYSIS = YES;
				CLANG_WARN_STRICT_PROTOTYPES = YES;
				CLANG_WARN_SUSPICIOUS_MOVE = YES;
				CLANG_WARN_UNGUARDED_AVAILABILITY = YES_AGGRESSIVE;
				CLANG_WARN_UNREACHABLE_CODE = YES;
				CLANG_WARN__DUPLICATE_METHOD_MATCH = YES;
				COPY_PHASE_STRIP = NO;
				DEBUG_INFORMATION_FORMAT = "dwarf-with-dsym";
				ENABLE_NS_ASSERTIONS = NO;
				ENABLE_STRICT_OBJC_MSGSEND = YES;
				GCC_C_LANGUAGE_STANDARD = gnu11;
				GCC_NO_COMMON_BLOCKS = YES;
				GCC_WARN_64_TO_32_BIT_CONVERSION = YES;
				GCC_WARN_ABOUT_RETURN_TYPE = YES_ERROR;
				GCC_WARN_UNDECLARED_SELECTOR = YES;
				GCC_WARN_UNINITIALIZED_AUTOS = YES_AGGRESSIVE;
				GCC_WARN_UNUSED_FUNCTION = YES;
				GCC_WARN_UNUSED_VARIABLE = YES;
				IPHONEOS_DEPLOYMENT_TARGET = 13.2;
				MTL_ENABLE_DEBUG_INFO = NO;
				MTL_FAST_MATH = YES;
				SDKROOT = iphoneos;
				SWIFT_COMPILATION_MODE = wholemodule;
				SWIFT_OPTIMIZATION_LEVEL = "-O";
				VALIDATE_PRODUCT = YES;
			};
			name = Release;
		};
		45E1821823D672E9002C7CD9 /* Debug */ = {
			isa = XCBuildConfiguration;
			buildSettings = {
				ASSETCATALOG_COMPILER_APPICON_NAME = AppIcon;
				CODE_SIGN_STYLE = Automatic;
				DEVELOPMENT_TEAM = MZ4NR6L53X;
				INFOPLIST_FILE = MapExercise/Info.plist;
				LD_RUNPATH_SEARCH_PATHS = (
					"$(inherited)",
					"@executable_path/Frameworks",
				);
				PRODUCT_BUNDLE_IDENTIFIER = com.ios.MapExercise;
				PRODUCT_NAME = "$(TARGET_NAME)";
				SWIFT_VERSION = 5.0;
				TARGETED_DEVICE_FAMILY = "1,2";
			};
			name = Debug;
		};
		45E1821923D672E9002C7CD9 /* Release */ = {
			isa = XCBuildConfiguration;
			buildSettings = {
				ASSETCATALOG_COMPILER_APPICON_NAME = AppIcon;
				CODE_SIGN_STYLE = Automatic;
				DEVELOPMENT_TEAM = MZ4NR6L53X;
				INFOPLIST_FILE = MapExercise/Info.plist;
				LD_RUNPATH_SEARCH_PATHS = (
					"$(inherited)",
					"@executable_path/Frameworks",
				);
				PRODUCT_BUNDLE_IDENTIFIER = com.ios.MapExercise;
				PRODUCT_NAME = "$(TARGET_NAME)";
				SWIFT_VERSION = 5.0;
				TARGETED_DEVICE_FAMILY = "1,2";
			};
			name = Release;
		};
/* End XCBuildConfiguration section */

/* Begin XCConfigurationList section */
		45E181FB23D672E4002C7CD9 /* Build configuration list for PBXProject "MapExercise" */ = {
			isa = XCConfigurationList;
			buildConfigurations = (
				45E1821523D672E9002C7CD9 /* Debug */,
				45E1821623D672E9002C7CD9 /* Release */,
			);
			defaultConfigurationIsVisible = 0;
			defaultConfigurationName = Release;
		};
		45E1821723D672E9002C7CD9 /* Build configuration list for PBXNativeTarget "MapExercise" */ = {
			isa = XCConfigurationList;
			buildConfigurations = (
				45E1821823D672E9002C7CD9 /* Debug */,
				45E1821923D672E9002C7CD9 /* Release */,
			);
			defaultConfigurationIsVisible = 0;
			defaultConfigurationName = Release;
		};
/* End XCConfigurationList section */

/* Begin XCVersionGroup section */
		45E1820C23D672E5002C7CD9 /* MapExercise.xcdatamodeld */ = {
			isa = XCVersionGroup;
			children = (
				45E1820D23D672E5002C7CD9 /* MapExercise.xcdatamodel */,
			);
			currentVersion = 45E1820D23D672E5002C7CD9 /* MapExercise.xcdatamodel */;
			path = MapExercise.xcdatamodeld;
			sourceTree = "<group>";
			versionGroupType = wrapper.xcdatamodel;
		};
/* End XCVersionGroup section */
	};
	rootObject = 45E181F823D672E4002C7CD9 /* Project object */;
}
